PODS:
  - CocoaLumberjack/Default (3.4.2)
  - CocoaLumberjack/Swift (3.4.2):
    - CocoaLumberjack/Default
  - DataMapper (0.2.0):
    - DataMapper/Core (= 0.2.0)
    - DataMapper/JsonSerializer (= 0.2.0)
  - DataMapper/Core (0.2.0)
  - DataMapper/JsonSerializer (0.2.0):
    - DataMapper/Core
  - Fetcher/Core (0.3.1):
    - DataMapper (~> 0.2)
    - Result (~> 3.2)
  - Nimble (7.3.0)
  - Quick (1.3.1)
  - Result (3.2.4)
  - RxAtomic (4.4.0)
  - RxBlocking (4.4.0):
    - RxAtomic (~> 4.4)
    - RxSwift (~> 4.0)
  - RxNimble (4.4.0):
    - RxNimble/RxBlocking (= 4.4.0)
  - RxNimble/Core (4.4.0):
    - Nimble (~> 7.0)
    - RxSwift (~> 4.2)
  - RxNimble/RxBlocking (4.4.0):
    - RxBlocking
    - RxNimble/Core
  - RxSwift (4.4.0):
    - RxAtomic (~> 4.4)
  - SwiftyBeaver (1.6.1)

DEPENDENCIES:
  - CocoaLumberjack/Swift
  - Fetcher/Core (from `https://github.com/Brightify/Fetcher.git`, branch `fix/xcode10`)
  - Nimble
  - Quick
  - RxBlocking
  - RxNimble
  - RxSwift
  - SwiftyBeaver

SPEC REPOS:
  https://github.com/cocoapods/specs.git:
    - CocoaLumberjack
    - DataMapper
    - Nimble
    - Quick
    - Result
    - RxAtomic
    - RxBlocking
    - RxNimble
    - RxSwift
    - SwiftyBeaver

EXTERNAL SOURCES:
  Fetcher:
    :branch: fix/xcode10
    :git: https://github.com/Brightify/Fetcher.git

CHECKOUT OPTIONS:
  Fetcher:
    :commit: 5ebe36d73d364628767642f2d2d5e93d9f34f9a9
    :git: https://github.com/Brightify/Fetcher.git

SPEC CHECKSUMS:
  CocoaLumberjack: db7cc9e464771f12054c22ff6947c5a58d43a0fd
  DataMapper: f33d650f587a3241216763ee6377e3c3f1041c47
  Fetcher: 887fc2c44d860d7881591954a3b09a7abdee4125
  Nimble: c8d6a1f463701921c46de965c673e13cafa09196
  Quick: d17304d58d0d169dd0bd1c6e5c28e3318de32a1a
  Result: d2d07204ce72856f1fd9130bbe42c35a7b0fea10
  RxAtomic: eacf60db868c96bfd63320e28619fe29c179656f
  RxBlocking: 138ad53217434444d6eeeb4fb406a45431d92e31
  RxNimble: ba6caf0195c37fd50dd4b967624b66ff580d781a
  RxSwift: 5976ecd04fc2fefd648827c23de5e11157faa973
  SwiftyBeaver: ccfcdf85a04d429f1633f668650b0ce8020bda3a

PODFILE CHECKSUM: eed11612ef60932af6a09f9e67fbf4ae7e83b8c8

COCOAPODS: 1.6.1
